
Microsoft Visual Studio Solution File, Format Version 12.00
# Visual Studio Version 17
VisualStudioVersion = 17.7.34031.279
MinimumVisualStudioVersion = 10.0.40219.1
Project("{FAE04EC0-301F-11D3-BF4B-00C04F79EFBC}") = "Lab2-cs-linq", "Lab2-cs-linq.csproj", "{1FCE0BE6-6D4B-4AA0-B66D-5D377EAD936F}"
EndProject
Global
	GlobalSection(SolutionConfigurationPlatforms) = preSolution
		Debug|Any CPU = Debug|Any CPU
		Release|Any CPU = Release|Any CPU
	EndGlobalSection
	GlobalSection(ProjectConfigurationPlatforms) = postSolution
		{1FCE0BE6-6D4B-4AA0-B66D-5D377EAD936F}.Debug|Any CPU.ActiveCfg = Debug|Any CPU
		{1FCE0BE6-6D4B-4AA0-B66D-5D377EAD936F}.Debug|Any CPU.Build.0 = Debug|Any CPU
		{1FCE0BE6-6D4B-4AA0-B66D-5D377EAD936F}.Release|Any CPU.ActiveCfg = Release|Any CPU
		{1FCE0BE6-6D4B-4AA0-B66D-5D377EAD936F}.Release|Any CPU.Build.0 = Release|Any CPU
	EndGlobalSection
	GlobalSection(SolutionProperties) = preSolution
		HideSolutionNode = FALSE
	EndGlobalSection
	GlobalSection(ExtensibilityGlobals) = postSolution
		SolutionGuid = {46387D46-CE26-45D2-8E6B-5F6B875767D1}
	EndGlobalSection
EndGlobal
