
Microsoft Visual Studio Solution File, Format Version 12.00
# Visual Studio Version 17
VisualStudioVersion = 17.8.34322.80
MinimumVisualStudioVersion = 10.0.40219.1
Project("{FAE04EC0-301F-11D3-BF4B-00C04F79EFBC}") = "Lab__7", "Lab__7.csproj", "{0481F4A1-B6AA-416F-84C5-AF61E1BD52DA}"
EndProject
Global
	GlobalSection(SolutionConfigurationPlatforms) = preSolution
		Debug|Any CPU = Debug|Any CPU
		Release|Any CPU = Release|Any CPU
	EndGlobalSection
	GlobalSection(ProjectConfigurationPlatforms) = postSolution
		{0481F4A1-B6AA-416F-84C5-AF61E1BD52DA}.Debug|Any CPU.ActiveCfg = Debug|Any CPU
		{0481F4A1-B6AA-416F-84C5-AF61E1BD52DA}.Debug|Any CPU.Build.0 = Debug|Any CPU
		{0481F4A1-B6AA-416F-84C5-AF61E1BD52DA}.Release|Any CPU.ActiveCfg = Release|Any CPU
		{0481F4A1-B6AA-416F-84C5-AF61E1BD52DA}.Release|Any CPU.Build.0 = Release|Any CPU
	EndGlobalSection
	GlobalSection(SolutionProperties) = preSolution
		HideSolutionNode = FALSE
	EndGlobalSection
	GlobalSection(ExtensibilityGlobals) = postSolution
		SolutionGuid = {CCEF0873-03DE-4F9F-8772-87B880E20333}
	EndGlobalSection
EndGlobal
