
Microsoft Visual Studio Solution File, Format Version 12.00
# Visual Studio Version 17
VisualStudioVersion = 17.7.34031.279
MinimumVisualStudioVersion = 10.0.40219.1
Project("{FAE04EC0-301F-11D3-BF4B-00C04F79EFBC}") = "MKR_Sofiia_Koval_oct2023", "MKR_Sofiia_Koval_oct2023.csproj", "{0640FCBC-3679-4169-91C9-EBCA1C1319B7}"
EndProject
Global
	GlobalSection(SolutionConfigurationPlatforms) = preSolution
		Debug|Any CPU = Debug|Any CPU
		Release|Any CPU = Release|Any CPU
	EndGlobalSection
	GlobalSection(ProjectConfigurationPlatforms) = postSolution
		{0640FCBC-3679-4169-91C9-EBCA1C1319B7}.Debug|Any CPU.ActiveCfg = Debug|Any CPU
		{0640FCBC-3679-4169-91C9-EBCA1C1319B7}.Debug|Any CPU.Build.0 = Debug|Any CPU
		{0640FCBC-3679-4169-91C9-EBCA1C1319B7}.Release|Any CPU.ActiveCfg = Release|Any CPU
		{0640FCBC-3679-4169-91C9-EBCA1C1319B7}.Release|Any CPU.Build.0 = Release|Any CPU
	EndGlobalSection
	GlobalSection(SolutionProperties) = preSolution
		HideSolutionNode = FALSE
	EndGlobalSection
	GlobalSection(ExtensibilityGlobals) = postSolution
		SolutionGuid = {C0FEA6C8-B9AE-41FD-8EB2-D597CB9CD8EE}
	EndGlobalSection
EndGlobal
