
Microsoft Visual Studio Solution File, Format Version 12.00
# Visual Studio Version 17
VisualStudioVersion = 17.7.34031.279
MinimumVisualStudioVersion = 10.0.40219.1
Project("{FAE04EC0-301F-11D3-BF4B-00C04F79EFBC}") = "Lab1-C#-Koval-SA2-09-2023", "Lab1-C#-Koval-SA2-09-2023.csproj", "{56EC338A-317C-47B3-99EA-092926606AB0}"
EndProject
Global
	GlobalSection(SolutionConfigurationPlatforms) = preSolution
		Debug|Any CPU = Debug|Any CPU
		Release|Any CPU = Release|Any CPU
	EndGlobalSection
	GlobalSection(ProjectConfigurationPlatforms) = postSolution
		{56EC338A-317C-47B3-99EA-092926606AB0}.Debug|Any CPU.ActiveCfg = Debug|Any CPU
		{56EC338A-317C-47B3-99EA-092926606AB0}.Debug|Any CPU.Build.0 = Debug|Any CPU
		{56EC338A-317C-47B3-99EA-092926606AB0}.Release|Any CPU.ActiveCfg = Release|Any CPU
		{56EC338A-317C-47B3-99EA-092926606AB0}.Release|Any CPU.Build.0 = Release|Any CPU
	EndGlobalSection
	GlobalSection(SolutionProperties) = preSolution
		HideSolutionNode = FALSE
	EndGlobalSection
	GlobalSection(ExtensibilityGlobals) = postSolution
		SolutionGuid = {78C8B93A-1473-412C-83DB-BCC4ADE302FF}
	EndGlobalSection
EndGlobal
