
Microsoft Visual Studio Solution File, Format Version 12.00
# Visual Studio Version 17
VisualStudioVersion = 17.8.34322.80
MinimumVisualStudioVersion = 10.0.40219.1
Project("{FAE04EC0-301F-11D3-BF4B-00C04F79EFBC}") = "lab9", "lab9.csproj", "{493EE268-2F37-4D5E-85C6-2EC0E1A110FE}"
EndProject
Global
	GlobalSection(SolutionConfigurationPlatforms) = preSolution
		Debug|Any CPU = Debug|Any CPU
		Release|Any CPU = Release|Any CPU
	EndGlobalSection
	GlobalSection(ProjectConfigurationPlatforms) = postSolution
		{493EE268-2F37-4D5E-85C6-2EC0E1A110FE}.Debug|Any CPU.ActiveCfg = Debug|Any CPU
		{493EE268-2F37-4D5E-85C6-2EC0E1A110FE}.Debug|Any CPU.Build.0 = Debug|Any CPU
		{493EE268-2F37-4D5E-85C6-2EC0E1A110FE}.Release|Any CPU.ActiveCfg = Release|Any CPU
		{493EE268-2F37-4D5E-85C6-2EC0E1A110FE}.Release|Any CPU.Build.0 = Release|Any CPU
	EndGlobalSection
	GlobalSection(SolutionProperties) = preSolution
		HideSolutionNode = FALSE
	EndGlobalSection
	GlobalSection(ExtensibilityGlobals) = postSolution
		SolutionGuid = {85849160-A21C-4EA3-9CE3-2411FACEA400}
	EndGlobalSection
EndGlobal
