
Microsoft Visual Studio Solution File, Format Version 12.00
# Visual Studio Version 17
VisualStudioVersion = 17.7.34031.279
MinimumVisualStudioVersion = 10.0.40219.1
Project("{FAE04EC0-301F-11D3-BF4B-00C04F79EFBC}") = "Lab7", "Lab7.csproj", "{B3A41511-FF00-4384-A650-03E202A3050F}"
EndProject
Global
	GlobalSection(SolutionConfigurationPlatforms) = preSolution
		Debug|Any CPU = Debug|Any CPU
		Release|Any CPU = Release|Any CPU
	EndGlobalSection
	GlobalSection(ProjectConfigurationPlatforms) = postSolution
		{B3A41511-FF00-4384-A650-03E202A3050F}.Debug|Any CPU.ActiveCfg = Debug|Any CPU
		{B3A41511-FF00-4384-A650-03E202A3050F}.Debug|Any CPU.Build.0 = Debug|Any CPU
		{B3A41511-FF00-4384-A650-03E202A3050F}.Release|Any CPU.ActiveCfg = Release|Any CPU
		{B3A41511-FF00-4384-A650-03E202A3050F}.Release|Any CPU.Build.0 = Release|Any CPU
	EndGlobalSection
	GlobalSection(SolutionProperties) = preSolution
		HideSolutionNode = FALSE
	EndGlobalSection
	GlobalSection(ExtensibilityGlobals) = postSolution
		SolutionGuid = {EECA5B4E-20F9-4DC3-AB56-964F7D02D6BF}
	EndGlobalSection
EndGlobal
